
Microsoft Visual Studio Solution File, Format Version 12.00
# Visual Studio Version 17
VisualStudioVersion = 17.9.34728.123
MinimumVisualStudioVersion = 10.0.40219.1
Project("{FAE04EC0-301F-11D3-BF4B-00C04F79EFBC}") = "GymApp", "GymApp\GymApp.csproj", "{3C1B6E82-2D99-4284-B5F9-C4724A598E1B}"
EndProject
Global
	GlobalSection(SolutionConfigurationPlatforms) = preSolution
		Debug|Any CPU = Debug|Any CPU
		Release|Any CPU = Release|Any CPU
	EndGlobalSection
	GlobalSection(ProjectConfigurationPlatforms) = postSolution
		{3C1B6E82-2D99-4284-B5F9-C4724A598E1B}.Debug|Any CPU.ActiveCfg = Debug|Any CPU
		{3C1B6E82-2D99-4284-B5F9-C4724A598E1B}.Debug|Any CPU.Build.0 = Debug|Any CPU
		{3C1B6E82-2D99-4284-B5F9-C4724A598E1B}.Release|Any CPU.ActiveCfg = Release|Any CPU
		{3C1B6E82-2D99-4284-B5F9-C4724A598E1B}.Release|Any CPU.Build.0 = Release|Any CPU
	EndGlobalSection
	GlobalSection(SolutionProperties) = preSolution
		HideSolutionNode = FALSE
	EndGlobalSection
	GlobalSection(ExtensibilityGlobals) = postSolution
		SolutionGuid = {AAFA04BD-FCCF-4912-93B8-CB5FD1B958BC}
	EndGlobalSection
EndGlobal
